
Microsoft Visual Studio Solution File, Format Version 12.00
# Visual Studio Version 17
VisualStudioVersion = 17.14.36121.58
MinimumVisualStudioVersion = 10.0.40219.1
Project("{FAE04EC0-301F-11D3-BF4B-00C04F79EFBC}") = "Orama API", "Orama API.csproj", "{D11DA2D5-28FB-2550-EC29-BE27A894AD06}"
EndProject
Global
	GlobalSection(SolutionConfigurationPlatforms) = preSolution
		Debug|Any CPU = Debug|Any CPU
		Release|Any CPU = Release|Any CPU
	EndGlobalSection
	GlobalSection(ProjectConfigurationPlatforms) = postSolution
		{D11DA2D5-28FB-2550-EC29-BE27A894AD06}.Debug|Any CPU.ActiveCfg = Debug|Any CPU
		{D11DA2D5-28FB-2550-EC29-BE27A894AD06}.Debug|Any CPU.Build.0 = Debug|Any CPU
		{D11DA2D5-28FB-2550-EC29-BE27A894AD06}.Release|Any CPU.ActiveCfg = Release|Any CPU
		{D11DA2D5-28FB-2550-EC29-BE27A894AD06}.Release|Any CPU.Build.0 = Release|Any CPU
	EndGlobalSection
	GlobalSection(SolutionProperties) = preSolution
		HideSolutionNode = FALSE
	EndGlobalSection
	GlobalSection(ExtensibilityGlobals) = postSolution
		SolutionGuid = {D6023639-E150-437B-A6B9-24567C6D9885}
	EndGlobalSection
EndGlobal
